// !$*UTF8*$!
{
	archiveVersion = 1;
	classes = {
	};
	objectVersion = 50;
	objects = {

/* Begin PBXBuildFile section */
		4539FF3E214AB5A50001F00F /* APIEntity.swift in Sources */ = {isa = PBXBuildFile; fileRef = 4539FF3D214AB5A50001F00F /* APIEntity.swift */; };
		4539FF45214ABC1E0001F00F /* Operation.swift in Sources */ = {isa = PBXBuildFile; fileRef = 4539FF44214ABC1E0001F00F /* Operation.swift */; };
		4539FF49214AC8C80001F00F /* JSONHelper.swift in Sources */ = {isa = PBXBuildFile; fileRef = 4539FF48214AC8C80001F00F /* JSONHelper.swift */; };
		4539FF4B214ACA280001F00F /* MainViewController.swift in Sources */ = {isa = PBXBuildFile; fileRef = 4539FF4A214ACA280001F00F /* MainViewController.swift */; };
		453D73F2214AADFB00D2E813 /* AppDelegate.swift in Sources */ = {isa = PBXBuildFile; fileRef = 453D73F1214AADFB00D2E813 /* AppDelegate.swift */; };
		453D73F7214AADFB00D2E813 /* Main.storyboard in Resources */ = {isa = PBXBuildFile; fileRef = 453D73F5214AADFB00D2E813 /* Main.storyboard */; };
		453D73F9214AADFC00D2E813 /* Assets.xcassets in Resources */ = {isa = PBXBuildFile; fileRef = 453D73F8214AADFC00D2E813 /* Assets.xcassets */; };
		453D73FC214AADFC00D2E813 /* LaunchScreen.storyboard in Resources */ = {isa = PBXBuildFile; fileRef = 453D73FA214AADFC00D2E813 /* LaunchScreen.storyboard */; };
		453D7405214AB22B00D2E813 /* DB.swift in Sources */ = {isa = PBXBuildFile; fileRef = 453D7404214AB22B00D2E813 /* DB.swift */; };
		453D7407214AB23100D2E813 /* Layer.swift in Sources */ = {isa = PBXBuildFile; fileRef = 453D7406214AB23100D2E813 /* Layer.swift */; };
		453D7409214AB23700D2E813 /* Selection.swift in Sources */ = {isa = PBXBuildFile; fileRef = 453D7408214AB23700D2E813 /* Selection.swift */; };
		453D740B214AB23C00D2E813 /* Rectangle.swift in Sources */ = {isa = PBXBuildFile; fileRef = 453D740A214AB23C00D2E813 /* Rectangle.swift */; };
		453D740D214AB24200D2E813 /* Position.swift in Sources */ = {isa = PBXBuildFile; fileRef = 453D740C214AB24200D2E813 /* Position.swift */; };
		453D740F214AB24800D2E813 /* MColor.swift in Sources */ = {isa = PBXBuildFile; fileRef = 453D740E214AB24800D2E813 /* MColor.swift */; };
		453D7412214AB2D700D2E813 /* Key.swift in Sources */ = {isa = PBXBuildFile; fileRef = 453D7411214AB2D700D2E813 /* Key.swift */; };
		4591E82D214B945900951C08 /* LayerCreateViewController.swift in Sources */ = {isa = PBXBuildFile; fileRef = 4591E82C214B945900951C08 /* LayerCreateViewController.swift */; };
		4591E82F214B946400951C08 /* LayerManageViewController.swift in Sources */ = {isa = PBXBuildFile; fileRef = 4591E82E214B946400951C08 /* LayerManageViewController.swift */; };
		4591E831214B962500951C08 /* SelectionCreateViewController.swift in Sources */ = {isa = PBXBuildFile; fileRef = 4591E830214B962500951C08 /* SelectionCreateViewController.swift */; };
		4591E833214B965600951C08 /* RectangleCreateViewController.swift in Sources */ = {isa = PBXBuildFile; fileRef = 4591E832214B965600951C08 /* RectangleCreateViewController.swift */; };
		4591E839214B9CE700951C08 /* ResultViewController.swift in Sources */ = {isa = PBXBuildFile; fileRef = 4591E838214B9CE700951C08 /* ResultViewController.swift */; };
		4591E83B214B9CF600951C08 /* OperationCreateViewController.swift in Sources */ = {isa = PBXBuildFile; fileRef = 4591E83A214B9CF600951C08 /* OperationCreateViewController.swift */; };
		4591E841214B9E2000951C08 /* LayerTableViewCell.swift in Sources */ = {isa = PBXBuildFile; fileRef = 4591E83F214B9E2000951C08 /* LayerTableViewCell.swift */; };
		4591E842214B9E2000951C08 /* LayerTableViewCell.xib in Resources */ = {isa = PBXBuildFile; fileRef = 4591E840214B9E2000951C08 /* LayerTableViewCell.xib */; };
		4591E845214B9E2900951C08 /* SelectionTableViewCell.swift in Sources */ = {isa = PBXBuildFile; fileRef = 4591E843214B9E2900951C08 /* SelectionTableViewCell.swift */; };
		4591E846214B9E2900951C08 /* SelectionTableViewCell.xib in Resources */ = {isa = PBXBuildFile; fileRef = 4591E844214B9E2900951C08 /* SelectionTableViewCell.xib */; };
		4591E84E214BC5B500951C08 /* SelectionManageViewController.swift in Sources */ = {isa = PBXBuildFile; fileRef = 4591E84D214BC5B500951C08 /* SelectionManageViewController.swift */; };
		4591E850214BC5CD00951C08 /* RectangleManageViewController.swift in Sources */ = {isa = PBXBuildFile; fileRef = 4591E84F214BC5CD00951C08 /* RectangleManageViewController.swift */; };
		4591E852214BC5D800951C08 /* OperationsModalViewController.swift in Sources */ = {isa = PBXBuildFile; fileRef = 4591E851214BC5D800951C08 /* OperationsModalViewController.swift */; };
		4591E854214BC6EB00951C08 /* Segue.swift in Sources */ = {isa = PBXBuildFile; fileRef = 4591E853214BC6EB00951C08 /* Segue.swift */; };
		4591E856214BCA9000951C08 /* UITableViewCell.swift in Sources */ = {isa = PBXBuildFile; fileRef = 4591E855214BCA9000951C08 /* UITableViewCell.swift */; };
		4591E859214BCB0600951C08 /* OperationTableViewCell.swift in Sources */ = {isa = PBXBuildFile; fileRef = 4591E857214BCB0600951C08 /* OperationTableViewCell.swift */; };
		4591E85A214BCB0600951C08 /* OperationTableViewCell.xib in Resources */ = {isa = PBXBuildFile; fileRef = 4591E858214BCB0600951C08 /* OperationTableViewCell.xib */; };
		4591E85D214BCB2400951C08 /* RectangleTableViewCell.swift in Sources */ = {isa = PBXBuildFile; fileRef = 4591E85B214BCB2400951C08 /* RectangleTableViewCell.swift */; };
		4591E85E214BCB2400951C08 /* RectangleTableViewCell.xib in Resources */ = {isa = PBXBuildFile; fileRef = 4591E85C214BCB2400951C08 /* RectangleTableViewCell.xib */; };
		4591E860214BED7000951C08 /* OperationManageViewController.swift in Sources */ = {isa = PBXBuildFile; fileRef = 4591E85F214BED7000951C08 /* OperationManageViewController.swift */; };
		C651F6FAF3F7719B282D8AEA /* Pods_fp_image_processor_ios.framework in Frameworks */ = {isa = PBXBuildFile; fileRef = 697EA52304E5FB81E2E0EB78 /* Pods_fp_image_processor_ios.framework */; };
/* End PBXBuildFile section */

/* Begin PBXFileReference section */
		4539FF3D214AB5A50001F00F /* APIEntity.swift */ = {isa = PBXFileReference; lastKnownFileType = sourcecode.swift; path = APIEntity.swift; sourceTree = "<group>"; };
		4539FF44214ABC1E0001F00F /* Operation.swift */ = {isa = PBXFileReference; lastKnownFileType = sourcecode.swift; path = Operation.swift; sourceTree = "<group>"; };
		4539FF48214AC8C80001F00F /* JSONHelper.swift */ = {isa = PBXFileReference; lastKnownFileType = sourcecode.swift; path = JSONHelper.swift; sourceTree = "<group>"; };
		4539FF4A214ACA280001F00F /* MainViewController.swift */ = {isa = PBXFileReference; lastKnownFileType = sourcecode.swift; path = MainViewController.swift; sourceTree = "<group>"; };
		453D73EE214AADFB00D2E813 /* fp-image-processor-ios.app */ = {isa = PBXFileReference; explicitFileType = wrapper.application; includeInIndex = 0; path = "fp-image-processor-ios.app"; sourceTree = BUILT_PRODUCTS_DIR; };
		453D73F1214AADFB00D2E813 /* AppDelegate.swift */ = {isa = PBXFileReference; lastKnownFileType = sourcecode.swift; path = AppDelegate.swift; sourceTree = "<group>"; };
		453D73F6214AADFB00D2E813 /* Base */ = {isa = PBXFileReference; lastKnownFileType = file.storyboard; name = Base; path = Base.lproj/Main.storyboard; sourceTree = "<group>"; };
		453D73F8214AADFC00D2E813 /* Assets.xcassets */ = {isa = PBXFileReference; lastKnownFileType = folder.assetcatalog; path = Assets.xcassets; sourceTree = "<group>"; };
		453D73FB214AADFC00D2E813 /* Base */ = {isa = PBXFileReference; lastKnownFileType = file.storyboard; name = Base; path = Base.lproj/LaunchScreen.storyboard; sourceTree = "<group>"; };
		453D73FD214AADFC00D2E813 /* Info.plist */ = {isa = PBXFileReference; lastKnownFileType = text.plist.xml; path = Info.plist; sourceTree = "<group>"; };
		453D7404214AB22B00D2E813 /* DB.swift */ = {isa = PBXFileReference; lastKnownFileType = sourcecode.swift; path = DB.swift; sourceTree = "<group>"; };
		453D7406214AB23100D2E813 /* Layer.swift */ = {isa = PBXFileReference; lastKnownFileType = sourcecode.swift; path = Layer.swift; sourceTree = "<group>"; };
		453D7408214AB23700D2E813 /* Selection.swift */ = {isa = PBXFileReference; lastKnownFileType = sourcecode.swift; path = Selection.swift; sourceTree = "<group>"; };
		453D740A214AB23C00D2E813 /* Rectangle.swift */ = {isa = PBXFileReference; lastKnownFileType = sourcecode.swift; path = Rectangle.swift; sourceTree = "<group>"; };
		453D740C214AB24200D2E813 /* Position.swift */ = {isa = PBXFileReference; lastKnownFileType = sourcecode.swift; path = Position.swift; sourceTree = "<group>"; };
		453D740E214AB24800D2E813 /* MColor.swift */ = {isa = PBXFileReference; lastKnownFileType = sourcecode.swift; path = MColor.swift; sourceTree = "<group>"; };
		453D7411214AB2D700D2E813 /* Key.swift */ = {isa = PBXFileReference; lastKnownFileType = sourcecode.swift; path = Key.swift; sourceTree = "<group>"; };
		4591E82C214B945900951C08 /* LayerCreateViewController.swift */ = {isa = PBXFileReference; lastKnownFileType = sourcecode.swift; path = LayerCreateViewController.swift; sourceTree = "<group>"; };
		4591E82E214B946400951C08 /* LayerManageViewController.swift */ = {isa = PBXFileReference; lastKnownFileType = sourcecode.swift; path = LayerManageViewController.swift; sourceTree = "<group>"; };
		4591E830214B962500951C08 /* SelectionCreateViewController.swift */ = {isa = PBXFileReference; lastKnownFileType = sourcecode.swift; path = SelectionCreateViewController.swift; sourceTree = "<group>"; };
		4591E832214B965600951C08 /* RectangleCreateViewController.swift */ = {isa = PBXFileReference; lastKnownFileType = sourcecode.swift; path = RectangleCreateViewController.swift; sourceTree = "<group>"; };
		4591E838214B9CE700951C08 /* ResultViewController.swift */ = {isa = PBXFileReference; lastKnownFileType = sourcecode.swift; path = ResultViewController.swift; sourceTree = "<group>"; };
		4591E83A214B9CF600951C08 /* OperationCreateViewController.swift */ = {isa = PBXFileReference; lastKnownFileType = sourcecode.swift; path = OperationCreateViewController.swift; sourceTree = "<group>"; };
		4591E83F214B9E2000951C08 /* LayerTableViewCell.swift */ = {isa = PBXFileReference; lastKnownFileType = sourcecode.swift; path = LayerTableViewCell.swift; sourceTree = "<group>"; };
		4591E840214B9E2000951C08 /* LayerTableViewCell.xib */ = {isa = PBXFileReference; lastKnownFileType = file.xib; path = LayerTableViewCell.xib; sourceTree = "<group>"; };
		4591E843214B9E2900951C08 /* SelectionTableViewCell.swift */ = {isa = PBXFileReference; lastKnownFileType = sourcecode.swift; path = SelectionTableViewCell.swift; sourceTree = "<group>"; };
		4591E844214B9E2900951C08 /* SelectionTableViewCell.xib */ = {isa = PBXFileReference; lastKnownFileType = file.xib; path = SelectionTableViewCell.xib; sourceTree = "<group>"; };
		4591E84D214BC5B500951C08 /* SelectionManageViewController.swift */ = {isa = PBXFileReference; lastKnownFileType = sourcecode.swift; path = SelectionManageViewController.swift; sourceTree = "<group>"; };
		4591E84F214BC5CD00951C08 /* RectangleManageViewController.swift */ = {isa = PBXFileReference; lastKnownFileType = sourcecode.swift; path = RectangleManageViewController.swift; sourceTree = "<group>"; };
		4591E851214BC5D800951C08 /* OperationsModalViewController.swift */ = {isa = PBXFileReference; lastKnownFileType = sourcecode.swift; path = OperationsModalViewController.swift; sourceTree = "<group>"; };
		4591E853214BC6EB00951C08 /* Segue.swift */ = {isa = PBXFileReference; lastKnownFileType = sourcecode.swift; path = Segue.swift; sourceTree = "<group>"; };
		4591E855214BCA9000951C08 /* UITableViewCell.swift */ = {isa = PBXFileReference; lastKnownFileType = sourcecode.swift; path = UITableViewCell.swift; sourceTree = "<group>"; };
		4591E857214BCB0600951C08 /* OperationTableViewCell.swift */ = {isa = PBXFileReference; lastKnownFileType = sourcecode.swift; path = OperationTableViewCell.swift; sourceTree = "<group>"; };
		4591E858214BCB0600951C08 /* OperationTableViewCell.xib */ = {isa = PBXFileReference; lastKnownFileType = file.xib; path = OperationTableViewCell.xib; sourceTree = "<group>"; };
		4591E85B214BCB2400951C08 /* RectangleTableViewCell.swift */ = {isa = PBXFileReference; lastKnownFileType = sourcecode.swift; path = RectangleTableViewCell.swift; sourceTree = "<group>"; };
		4591E85C214BCB2400951C08 /* RectangleTableViewCell.xib */ = {isa = PBXFileReference; lastKnownFileType = file.xib; path = RectangleTableViewCell.xib; sourceTree = "<group>"; };
		4591E85F214BED7000951C08 /* OperationManageViewController.swift */ = {isa = PBXFileReference; lastKnownFileType = sourcecode.swift; path = OperationManageViewController.swift; sourceTree = "<group>"; };
		697EA52304E5FB81E2E0EB78 /* Pods_fp_image_processor_ios.framework */ = {isa = PBXFileReference; explicitFileType = wrapper.framework; includeInIndex = 0; path = Pods_fp_image_processor_ios.framework; sourceTree = BUILT_PRODUCTS_DIR; };
		927EEA94A8C4913BC670526F /* Pods-fp-image-processor-ios.release.xcconfig */ = {isa = PBXFileReference; includeInIndex = 1; lastKnownFileType = text.xcconfig; name = "Pods-fp-image-processor-ios.release.xcconfig"; path = "Pods/Target Support Files/Pods-fp-image-processor-ios/Pods-fp-image-processor-ios.release.xcconfig"; sourceTree = "<group>"; };
		B434BDF22105BF8F078551D9 /* Pods-fp-image-processor-ios.debug.xcconfig */ = {isa = PBXFileReference; includeInIndex = 1; lastKnownFileType = text.xcconfig; name = "Pods-fp-image-processor-ios.debug.xcconfig"; path = "Pods/Target Support Files/Pods-fp-image-processor-ios/Pods-fp-image-processor-ios.debug.xcconfig"; sourceTree = "<group>"; };
/* End PBXFileReference section */

/* Begin PBXFrameworksBuildPhase section */
		453D73EB214AADFB00D2E813 /* Frameworks */ = {
			isa = PBXFrameworksBuildPhase;
			buildActionMask = 2147483647;
			files = (
				C651F6FAF3F7719B282D8AEA /* Pods_fp_image_processor_ios.framework in Frameworks */,
			);
			runOnlyForDeploymentPostprocessing = 0;
		};
/* End PBXFrameworksBuildPhase section */

/* Begin PBXGroup section */
		4539FF41214ABBD50001F00F /* Extensions */ = {
			isa = PBXGroup;
			children = (
				4591E855214BCA9000951C08 /* UITableViewCell.swift */,
			);
			path = Extensions;
			sourceTree = "<group>";
		};
		453D73E5214AADFB00D2E813 = {
			isa = PBXGroup;
			children = (
				453D73F0214AADFB00D2E813 /* fp-image-processor-ios */,
				453D73EF214AADFB00D2E813 /* Products */,
				490AEA1A2C5D567F899392F1 /* Pods */,
				A3415BE08459B90CC1A81E1E /* Frameworks */,
			);
			sourceTree = "<group>";
		};
		453D73EF214AADFB00D2E813 /* Products */ = {
			isa = PBXGroup;
			children = (
				453D73EE214AADFB00D2E813 /* fp-image-processor-ios.app */,
			);
			name = Products;
			sourceTree = "<group>";
		};
		453D73F0214AADFB00D2E813 /* fp-image-processor-ios */ = {
			isa = PBXGroup;
			children = (
				4591E83C214B9E0100951C08 /* Views */,
				4539FF41214ABBD50001F00F /* Extensions */,
				453D7417214AB44300D2E813 /* Controllers */,
				453D7410214AB2CA00D2E813 /* Utils */,
				453D7403214AB20B00D2E813 /* Models */,
				453D73F1214AADFB00D2E813 /* AppDelegate.swift */,
				453D73F5214AADFB00D2E813 /* Main.storyboard */,
				453D73F8214AADFC00D2E813 /* Assets.xcassets */,
				453D73FA214AADFC00D2E813 /* LaunchScreen.storyboard */,
				453D73FD214AADFC00D2E813 /* Info.plist */,
			);
			path = "fp-image-processor-ios";
			sourceTree = "<group>";
		};
		453D7403214AB20B00D2E813 /* Models */ = {
			isa = PBXGroup;
			children = (
				4539FF44214ABC1E0001F00F /* Operation.swift */,
				453D7404214AB22B00D2E813 /* DB.swift */,
				453D7406214AB23100D2E813 /* Layer.swift */,
				453D7408214AB23700D2E813 /* Selection.swift */,
				453D740A214AB23C00D2E813 /* Rectangle.swift */,
				453D740C214AB24200D2E813 /* Position.swift */,
				453D740E214AB24800D2E813 /* MColor.swift */,
				4539FF3D214AB5A50001F00F /* APIEntity.swift */,
			);
			path = Models;
			sourceTree = "<group>";
		};
		453D7410214AB2CA00D2E813 /* Utils */ = {
			isa = PBXGroup;
			children = (
				453D7411214AB2D700D2E813 /* Key.swift */,
				4539FF48214AC8C80001F00F /* JSONHelper.swift */,
				4591E853214BC6EB00951C08 /* Segue.swift */,
			);
			path = Utils;
			sourceTree = "<group>";
		};
		453D7417214AB44300D2E813 /* Controllers */ = {
			isa = PBXGroup;
			children = (
				4539FF4A214ACA280001F00F /* MainViewController.swift */,
				4591E82C214B945900951C08 /* LayerCreateViewController.swift */,
				4591E82E214B946400951C08 /* LayerManageViewController.swift */,
				4591E830214B962500951C08 /* SelectionCreateViewController.swift */,
				4591E832214B965600951C08 /* RectangleCreateViewController.swift */,
				4591E838214B9CE700951C08 /* ResultViewController.swift */,
				4591E83A214B9CF600951C08 /* OperationCreateViewController.swift */,
				4591E84D214BC5B500951C08 /* SelectionManageViewController.swift */,
				4591E84F214BC5CD00951C08 /* RectangleManageViewController.swift */,
				4591E851214BC5D800951C08 /* OperationsModalViewController.swift */,
				4591E85F214BED7000951C08 /* OperationManageViewController.swift */,
			);
			path = Controllers;
			sourceTree = "<group>";
		};
		4591E83C214B9E0100951C08 /* Views */ = {
			isa = PBXGroup;
			children = (
				4591E83F214B9E2000951C08 /* LayerTableViewCell.swift */,
				4591E840214B9E2000951C08 /* LayerTableViewCell.xib */,
				4591E843214B9E2900951C08 /* SelectionTableViewCell.swift */,
				4591E844214B9E2900951C08 /* SelectionTableViewCell.xib */,
				4591E857214BCB0600951C08 /* OperationTableViewCell.swift */,
				4591E858214BCB0600951C08 /* OperationTableViewCell.xib */,
				4591E85B214BCB2400951C08 /* RectangleTableViewCell.swift */,
				4591E85C214BCB2400951C08 /* RectangleTableViewCell.xib */,
			);
			path = Views;
			sourceTree = "<group>";
		};
		490AEA1A2C5D567F899392F1 /* Pods */ = {
			isa = PBXGroup;
			children = (
				B434BDF22105BF8F078551D9 /* Pods-fp-image-processor-ios.debug.xcconfig */,
				927EEA94A8C4913BC670526F /* Pods-fp-image-processor-ios.release.xcconfig */,
			);
			name = Pods;
			sourceTree = "<group>";
		};
		A3415BE08459B90CC1A81E1E /* Frameworks */ = {
			isa = PBXGroup;
			children = (
				697EA52304E5FB81E2E0EB78 /* Pods_fp_image_processor_ios.framework */,
			);
			name = Frameworks;
			sourceTree = "<group>";
		};
/* End PBXGroup section */

/* Begin PBXNativeTarget section */
		453D73ED214AADFB00D2E813 /* fp-image-processor-ios */ = {
			isa = PBXNativeTarget;
			buildConfigurationList = 453D7400214AADFC00D2E813 /* Build configuration list for PBXNativeTarget "fp-image-processor-ios" */;
			buildPhases = (
				BC5B264ADE4870EFD5A1DC57 /* [CP] Check Pods Manifest.lock */,
				453D73EA214AADFB00D2E813 /* Sources */,
				453D73EB214AADFB00D2E813 /* Frameworks */,
				453D73EC214AADFB00D2E813 /* Resources */,
				91AAFA188CE33EA9DB01A6F9 /* [CP] Embed Pods Frameworks */,
				5AE1728690F0C6818AB879D8 /* [CP] Copy Pods Resources */,
			);
			buildRules = (
			);
			dependencies = (
			);
			name = "fp-image-processor-ios";
			productName = "fp-image-processor-ios";
			productReference = 453D73EE214AADFB00D2E813 /* fp-image-processor-ios.app */;
			productType = "com.apple.product-type.application";
		};
/* End PBXNativeTarget section */

/* Begin PBXProject section */
		453D73E6214AADFB00D2E813 /* Project object */ = {
			isa = PBXProject;
			attributes = {
				LastSwiftUpdateCheck = 0940;
				LastUpgradeCheck = 0940;
				ORGANIZATIONNAME = "Ognjen Babovic";
				TargetAttributes = {
					453D73ED214AADFB00D2E813 = {
						CreatedOnToolsVersion = 9.4.1;
					};
				};
			};
			buildConfigurationList = 453D73E9214AADFB00D2E813 /* Build configuration list for PBXProject "fp-image-processor-ios" */;
			compatibilityVersion = "Xcode 9.3";
			developmentRegion = en;
			hasScannedForEncodings = 0;
			knownRegions = (
				en,
				Base,
			);
			mainGroup = 453D73E5214AADFB00D2E813;
			productRefGroup = 453D73EF214AADFB00D2E813 /* Products */;
			projectDirPath = "";
			projectRoot = "";
			targets = (
				453D73ED214AADFB00D2E813 /* fp-image-processor-ios */,
			);
		};
/* End PBXProject section */

/* Begin PBXResourcesBuildPhase section */
		453D73EC214AADFB00D2E813 /* Resources */ = {
			isa = PBXResourcesBuildPhase;
			buildActionMask = 2147483647;
			files = (
				4591E85E214BCB2400951C08 /* RectangleTableViewCell.xib in Resources */,
				453D73FC214AADFC00D2E813 /* LaunchScreen.storyboard in Resources */,
				4591E846214B9E2900951C08 /* SelectionTableViewCell.xib in Resources */,
				453D73F9214AADFC00D2E813 /* Assets.xcassets in Resources */,
				453D73F7214AADFB00D2E813 /* Main.storyboard in Resources */,
				4591E842214B9E2000951C08 /* LayerTableViewCell.xib in Resources */,
				4591E85A214BCB0600951C08 /* OperationTableViewCell.xib in Resources */,
			);
			runOnlyForDeploymentPostprocessing = 0;
		};
/* End PBXResourcesBuildPhase section */

/* Begin PBXShellScriptBuildPhase section */
		5AE1728690F0C6818AB879D8 /* [CP] Copy Pods Resources */ = {
			isa = PBXShellScriptBuildPhase;
			buildActionMask = 2147483647;
			files = (
			);
			inputPaths = (
			);
			name = "[CP] Copy Pods Resources";
			outputPaths = (
			);
			runOnlyForDeploymentPostprocessing = 0;
			shellPath = /bin/sh;
			shellScript = "\"${SRCROOT}/Pods/Target Support Files/Pods-fp-image-processor-ios/Pods-fp-image-processor-ios-resources.sh\"\n";
			showEnvVarsInLog = 0;
		};
		91AAFA188CE33EA9DB01A6F9 /* [CP] Embed Pods Frameworks */ = {
			isa = PBXShellScriptBuildPhase;
			buildActionMask = 2147483647;
			files = (
			);
			inputPaths = (
				"${SRCROOT}/Pods/Target Support Files/Pods-fp-image-processor-ios/Pods-fp-image-processor-ios-frameworks.sh",
				"${BUILT_PRODUCTS_DIR}/Alamofire/Alamofire.framework",
				"${BUILT_PRODUCTS_DIR}/AlamofireImage/AlamofireImage.framework",
				"${BUILT_PRODUCTS_DIR}/Floaty/Floaty.framework",
				"${BUILT_PRODUCTS_DIR}/PromiseKit/PromiseKit.framework",
				"${BUILT_PRODUCTS_DIR}/SwiftyJSON/SwiftyJSON.framework",
				"${BUILT_PRODUCTS_DIR}/Toast-Swift/Toast_Swift.framework",
			);
			name = "[CP] Embed Pods Frameworks";
			outputPaths = (
				"${TARGET_BUILD_DIR}/${FRAMEWORKS_FOLDER_PATH}/Alamofire.framework",
				"${TARGET_BUILD_DIR}/${FRAMEWORKS_FOLDER_PATH}/AlamofireImage.framework",
				"${TARGET_BUILD_DIR}/${FRAMEWORKS_FOLDER_PATH}/Floaty.framework",
				"${TARGET_BUILD_DIR}/${FRAMEWORKS_FOLDER_PATH}/PromiseKit.framework",
				"${TARGET_BUILD_DIR}/${FRAMEWORKS_FOLDER_PATH}/SwiftyJSON.framework",
				"${TARGET_BUILD_DIR}/${FRAMEWORKS_FOLDER_PATH}/Toast_Swift.framework",
			);
			runOnlyForDeploymentPostprocessing = 0;
			shellPath = /bin/sh;
			shellScript = "\"${SRCROOT}/Pods/Target Support Files/Pods-fp-image-processor-ios/Pods-fp-image-processor-ios-frameworks.sh\"\n";
			showEnvVarsInLog = 0;
		};
		BC5B264ADE4870EFD5A1DC57 /* [CP] Check Pods Manifest.lock */ = {
			isa = PBXShellScriptBuildPhase;
			buildActionMask = 2147483647;
			files = (
			);
			inputPaths = (
				"${PODS_PODFILE_DIR_PATH}/Podfile.lock",
				"${PODS_ROOT}/Manifest.lock",
			);
			name = "[CP] Check Pods Manifest.lock";
			outputPaths = (
				"$(DERIVED_FILE_DIR)/Pods-fp-image-processor-ios-checkManifestLockResult.txt",
			);
			runOnlyForDeploymentPostprocessing = 0;
			shellPath = /bin/sh;
			shellScript = "diff \"${PODS_PODFILE_DIR_PATH}/Podfile.lock\" \"${PODS_ROOT}/Manifest.lock\" > /dev/null\nif [ $? != 0 ] ; then\n    # print error to STDERR\n    echo \"error: The sandbox is not in sync with the Podfile.lock. Run 'pod install' or update your CocoaPods installation.\" >&2\n    exit 1\nfi\n# This output is used by Xcode 'outputs' to avoid re-running this script phase.\necho \"SUCCESS\" > \"${SCRIPT_OUTPUT_FILE_0}\"\n";
			showEnvVarsInLog = 0;
		};
/* End PBXShellScriptBuildPhase section */

/* Begin PBXSourcesBuildPhase section */
		453D73EA214AADFB00D2E813 /* Sources */ = {
			isa = PBXSourcesBuildPhase;
			buildActionMask = 2147483647;
			files = (
				453D740D214AB24200D2E813 /* Position.swift in Sources */,
				4591E859214BCB0600951C08 /* OperationTableViewCell.swift in Sources */,
				4591E839214B9CE700951C08 /* ResultViewController.swift in Sources */,
				4591E83B214B9CF600951C08 /* OperationCreateViewController.swift in Sources */,
				4591E854214BC6EB00951C08 /* Segue.swift in Sources */,
				453D7412214AB2D700D2E813 /* Key.swift in Sources */,
				4591E82F214B946400951C08 /* LayerManageViewController.swift in Sources */,
				453D7409214AB23700D2E813 /* Selection.swift in Sources */,
				4591E82D214B945900951C08 /* LayerCreateViewController.swift in Sources */,
				4591E841214B9E2000951C08 /* LayerTableViewCell.swift in Sources */,
				4591E850214BC5CD00951C08 /* RectangleManageViewController.swift in Sources */,
				4591E860214BED7000951C08 /* OperationManageViewController.swift in Sources */,
				4539FF4B214ACA280001F00F /* MainViewController.swift in Sources */,
				4591E833214B965600951C08 /* RectangleCreateViewController.swift in Sources */,
				4539FF45214ABC1E0001F00F /* Operation.swift in Sources */,
				4591E852214BC5D800951C08 /* OperationsModalViewController.swift in Sources */,
				4539FF3E214AB5A50001F00F /* APIEntity.swift in Sources */,
				453D740F214AB24800D2E813 /* MColor.swift in Sources */,
				453D73F2214AADFB00D2E813 /* AppDelegate.swift in Sources */,
				4591E845214B9E2900951C08 /* SelectionTableViewCell.swift in Sources */,
				453D740B214AB23C00D2E813 /* Rectangle.swift in Sources */,
				4539FF49214AC8C80001F00F /* JSONHelper.swift in Sources */,
				453D7405214AB22B00D2E813 /* DB.swift in Sources */,
				4591E831214B962500951C08 /* SelectionCreateViewController.swift in Sources */,
				453D7407214AB23100D2E813 /* Layer.swift in Sources */,
				4591E84E214BC5B500951C08 /* SelectionManageViewController.swift in Sources */,
				4591E85D214BCB2400951C08 /* RectangleTableViewCell.swift in Sources */,
				4591E856214BCA9000951C08 /* UITableViewCell.swift in Sources */,
			);
			runOnlyForDeploymentPostprocessing = 0;
		};
/* End PBXSourcesBuildPhase section */

/* Begin PBXVariantGroup section */
		453D73F5214AADFB00D2E813 /* Main.storyboard */ = {
			isa = PBXVariantGroup;
			children = (
				453D73F6214AADFB00D2E813 /* Base */,
			);
			name = Main.storyboard;
			sourceTree = "<group>";
		};
		453D73FA214AADFC00D2E813 /* LaunchScreen.storyboard */ = {
			isa = PBXVariantGroup;
			children = (
				453D73FB214AADFC00D2E813 /* Base */,
			);
			name = LaunchScreen.storyboard;
			sourceTree = "<group>";
		};
/* End PBXVariantGroup section */

/* Begin XCBuildConfiguration section */
		453D73FE214AADFC00D2E813 /* Debug */ = {
			isa = XCBuildConfiguration;
			buildSettings = {
				ALWAYS_SEARCH_USER_PATHS = NO;
				CLANG_ANALYZER_NONNULL = YES;
				CLANG_ANALYZER_NUMBER_OBJECT_CONVERSION = YES_AGGRESSIVE;
				CLANG_CXX_LANGUAGE_STANDARD = "gnu++14";
				CLANG_CXX_LIBRARY = "libc++";
				CLANG_ENABLE_MODULES = YES;
				CLANG_ENABLE_OBJC_ARC = YES;
				CLANG_ENABLE_OBJC_WEAK = YES;
				CLANG_WARN_BLOCK_CAPTURE_AUTORELEASING = YES;
				CLANG_WARN_BOOL_CONVERSION = YES;
				CLANG_WARN_COMMA = YES;
				CLANG_WARN_CONSTANT_CONVERSION = YES;
				CLANG_WARN_DEPRECATED_OBJC_IMPLEMENTATIONS = YES;
				CLANG_WARN_DIRECT_OBJC_ISA_USAGE = YES_ERROR;
				CLANG_WARN_DOCUMENTATION_COMMENTS = YES;
				CLANG_WARN_EMPTY_BODY = YES;
				CLANG_WARN_ENUM_CONVERSION = YES;
				CLANG_WARN_INFINITE_RECURSION = YES;
				CLANG_WARN_INT_CONVERSION = YES;
				CLANG_WARN_NON_LITERAL_NULL_CONVERSION = YES;
				CLANG_WARN_OBJC_IMPLICIT_RETAIN_SELF = YES;
				CLANG_WARN_OBJC_LITERAL_CONVERSION = YES;
				CLANG_WARN_OBJC_ROOT_CLASS = YES_ERROR;
				CLANG_WARN_RANGE_LOOP_ANALYSIS = YES;
				CLANG_WARN_STRICT_PROTOTYPES = YES;
				CLANG_WARN_SUSPICIOUS_MOVE = YES;
				CLANG_WARN_UNGUARDED_AVAILABILITY = YES_AGGRESSIVE;
				CLANG_WARN_UNREACHABLE_CODE = YES;
				CLANG_WARN__DUPLICATE_METHOD_MATCH = YES;
				CODE_SIGN_IDENTITY = "iPhone Developer";
				COPY_PHASE_STRIP = NO;
				DEBUG_INFORMATION_FORMAT = dwarf;
				ENABLE_STRICT_OBJC_MSGSEND = YES;
				ENABLE_TESTABILITY = YES;
				GCC_C_LANGUAGE_STANDARD = gnu11;
				GCC_DYNAMIC_NO_PIC = NO;
				GCC_NO_COMMON_BLOCKS = YES;
				GCC_OPTIMIZATION_LEVEL = 0;
				GCC_PREPROCESSOR_DEFINITIONS = (
					"DEBUG=1",
					"$(inherited)",
				);
				GCC_WARN_64_TO_32_BIT_CONVERSION = YES;
				GCC_WARN_ABOUT_RETURN_TYPE = YES_ERROR;
				GCC_WARN_UNDECLARED_SELECTOR = YES;
				GCC_WARN_UNINITIALIZED_AUTOS = YES_AGGRESSIVE;
				GCC_WARN_UNUSED_FUNCTION = YES;
				GCC_WARN_UNUSED_VARIABLE = YES;
				IPHONEOS_DEPLOYMENT_TARGET = 11.4;
				MTL_ENABLE_DEBUG_INFO = YES;
				ONLY_ACTIVE_ARCH = YES;
				SDKROOT = iphoneos;
				SWIFT_ACTIVE_COMPILATION_CONDITIONS = DEBUG;
				SWIFT_OPTIMIZATION_LEVEL = "-Onone";
			};
			name = Debug;
		};
		453D73FF214AADFC00D2E813 /* Release */ = {
			isa = XCBuildConfiguration;
			buildSettings = {
				ALWAYS_SEARCH_USER_PATHS = NO;
				CLANG_ANALYZER_NONNULL = YES;
				CLANG_ANALYZER_NUMBER_OBJECT_CONVERSION = YES_AGGRESSIVE;
				CLANG_CXX_LANGUAGE_STANDARD = "gnu++14";
				CLANG_CXX_LIBRARY = "libc++";
				CLANG_ENABLE_MODULES = YES;
				CLANG_ENABLE_OBJC_ARC = YES;
				CLANG_ENABLE_OBJC_WEAK = YES;
				CLANG_WARN_BLOCK_CAPTURE_AUTORELEASING = YES;
				CLANG_WARN_BOOL_CONVERSION = YES;
				CLANG_WARN_COMMA = YES;
				CLANG_WARN_CONSTANT_CONVERSION = YES;
				CLANG_WARN_DEPRECATED_OBJC_IMPLEMENTATIONS = YES;
				CLANG_WARN_DIRECT_OBJC_ISA_USAGE = YES_ERROR;
				CLANG_WARN_DOCUMENTATION_COMMENTS = YES;
				CLANG_WARN_EMPTY_BODY = YES;
				CLANG_WARN_ENUM_CONVERSION = YES;
				CLANG_WARN_INFINITE_RECURSION = YES;
				CLANG_WARN_INT_CONVERSION = YES;
				CLANG_WARN_NON_LITERAL_NULL_CONVERSION = YES;
				CLANG_WARN_OBJC_IMPLICIT_RETAIN_SELF = YES;
				CLANG_WARN_OBJC_LITERAL_CONVERSION = YES;
				CLANG_WARN_OBJC_ROOT_CLASS = YES_ERROR;
				CLANG_WARN_RANGE_LOOP_ANALYSIS = YES;
				CLANG_WARN_STRICT_PROTOTYPES = YES;
				CLANG_WARN_SUSPICIOUS_MOVE = YES;
				CLANG_WARN_UNGUARDED_AVAILABILITY = YES_AGGRESSIVE;
				CLANG_WARN_UNREACHABLE_CODE = YES;
				CLANG_WARN__DUPLICATE_METHOD_MATCH = YES;
				CODE_SIGN_IDENTITY = "iPhone Developer";
				COPY_PHASE_STRIP = NO;
				DEBUG_INFORMATION_FORMAT = "dwarf-with-dsym";
				ENABLE_NS_ASSERTIONS = NO;
				ENABLE_STRICT_OBJC_MSGSEND = YES;
				GCC_C_LANGUAGE_STANDARD = gnu11;
				GCC_NO_COMMON_BLOCKS = YES;
				GCC_WARN_64_TO_32_BIT_CONVERSION = YES;
				GCC_WARN_ABOUT_RETURN_TYPE = YES_ERROR;
				GCC_WARN_UNDECLARED_SELECTOR = YES;
				GCC_WARN_UNINITIALIZED_AUTOS = YES_AGGRESSIVE;
				GCC_WARN_UNUSED_FUNCTION = YES;
				GCC_WARN_UNUSED_VARIABLE = YES;
				IPHONEOS_DEPLOYMENT_TARGET = 11.4;
				MTL_ENABLE_DEBUG_INFO = NO;
				SDKROOT = iphoneos;
				SWIFT_COMPILATION_MODE = wholemodule;
				SWIFT_OPTIMIZATION_LEVEL = "-O";
				VALIDATE_PRODUCT = YES;
			};
			name = Release;
		};
		453D7401214AADFC00D2E813 /* Debug */ = {
			isa = XCBuildConfiguration;
			baseConfigurationReference = B434BDF22105BF8F078551D9 /* Pods-fp-image-processor-ios.debug.xcconfig */;
			buildSettings = {
				ASSETCATALOG_COMPILER_APPICON_NAME = AppIcon;
				CODE_SIGN_STYLE = Automatic;
				DEVELOPMENT_TEAM = XTS2EGAGK8;
				INFOPLIST_FILE = "fp-image-processor-ios/Info.plist";
				LD_RUNPATH_SEARCH_PATHS = (
					"$(inherited)",
					"@executable_path/Frameworks",
				);
				PRODUCT_BUNDLE_IDENTIFIER = "parativ.com.me.fp-image-processor-ios";
				PRODUCT_NAME = "$(TARGET_NAME)";
				SWIFT_VERSION = 4.0;
				TARGETED_DEVICE_FAMILY = "1,2";
			};
			name = Debug;
		};
		453D7402214AADFC00D2E813 /* Release */ = {
			isa = XCBuildConfiguration;
			baseConfigurationReference = 927EEA94A8C4913BC670526F /* Pods-fp-image-processor-ios.release.xcconfig */;
			buildSettings = {
				ASSETCATALOG_COMPILER_APPICON_NAME = AppIcon;
				CODE_SIGN_STYLE = Automatic;
				DEVELOPMENT_TEAM = XTS2EGAGK8;
				INFOPLIST_FILE = "fp-image-processor-ios/Info.plist";
				LD_RUNPATH_SEARCH_PATHS = (
					"$(inherited)",
					"@executable_path/Frameworks",
				);
				PRODUCT_BUNDLE_IDENTIFIER = "parativ.com.me.fp-image-processor-ios";
				PRODUCT_NAME = "$(TARGET_NAME)";
				SWIFT_VERSION = 4.0;
				TARGETED_DEVICE_FAMILY = "1,2";
			};
			name = Release;
		};
/* End XCBuildConfiguration section */

/* Begin XCConfigurationList section */
		453D73E9214AADFB00D2E813 /* Build configuration list for PBXProject "fp-image-processor-ios" */ = {
			isa = XCConfigurationList;
			buildConfigurations = (
				453D73FE214AADFC00D2E813 /* Debug */,
				453D73FF214AADFC00D2E813 /* Release */,
			);
			defaultConfigurationIsVisible = 0;
			defaultConfigurationName = Release;
		};
		453D7400214AADFC00D2E813 /* Build configuration list for PBXNativeTarget "fp-image-processor-ios" */ = {
			isa = XCConfigurationList;
			buildConfigurations = (
				453D7401214AADFC00D2E813 /* Debug */,
				453D7402214AADFC00D2E813 /* Release */,
			);
			defaultConfigurationIsVisible = 0;
			defaultConfigurationName = Release;
		};
/* End XCConfigurationList section */
	};
	rootObject = 453D73E6214AADFB00D2E813 /* Project object */;
}
